
Microsoft Visual Studio Solution File, Format Version 12.00
# Visual Studio Version 17
VisualStudioVersion = 17.3.32922.545
MinimumVisualStudioVersion = 10.0.40219.1
Project("{FAE04EC0-301F-11D3-BF4B-00C04F79EFBC}") = "лаб 2", "лаб 2\лаб 2.csproj", "{DCA13963-85EF-4B27-8974-22487969CF99}"
EndProject
Global
	GlobalSection(SolutionConfigurationPlatforms) = preSolution
		Debug|Any CPU = Debug|Any CPU
		Release|Any CPU = Release|Any CPU
	EndGlobalSection
	GlobalSection(ProjectConfigurationPlatforms) = postSolution
		{DCA13963-85EF-4B27-8974-22487969CF99}.Debug|Any CPU.ActiveCfg = Debug|Any CPU
		{DCA13963-85EF-4B27-8974-22487969CF99}.Debug|Any CPU.Build.0 = Debug|Any CPU
		{DCA13963-85EF-4B27-8974-22487969CF99}.Release|Any CPU.ActiveCfg = Release|Any CPU
		{DCA13963-85EF-4B27-8974-22487969CF99}.Release|Any CPU.Build.0 = Release|Any CPU
	EndGlobalSection
	GlobalSection(SolutionProperties) = preSolution
		HideSolutionNode = FALSE
	EndGlobalSection
	GlobalSection(ExtensibilityGlobals) = postSolution
		SolutionGuid = {04F3BBCF-3E9D-4BDA-9F50-221DCFF642EA}
	EndGlobalSection
EndGlobal
